
Microsoft Visual Studio Solution File, Format Version 12.00
# Visual Studio Version 16
VisualStudioVersion = 16.0.31729.503
MinimumVisualStudioVersion = 10.0.40219.1
Project("{FAE04EC0-301F-11D3-BF4B-00C04F79EFBC}") = "1093333_HW2", "1093333_HW2.csproj", "{AA347D64-A031-491F-AECF-03561277158A}"
EndProject
Global
	GlobalSection(SolutionConfigurationPlatforms) = preSolution
		Debug|Any CPU = Debug|Any CPU
		Release|Any CPU = Release|Any CPU
	EndGlobalSection
	GlobalSection(ProjectConfigurationPlatforms) = postSolution
		{AA347D64-A031-491F-AECF-03561277158A}.Debug|Any CPU.ActiveCfg = Debug|Any CPU
		{AA347D64-A031-491F-AECF-03561277158A}.Debug|Any CPU.Build.0 = Debug|Any CPU
		{AA347D64-A031-491F-AECF-03561277158A}.Release|Any CPU.ActiveCfg = Release|Any CPU
		{AA347D64-A031-491F-AECF-03561277158A}.Release|Any CPU.Build.0 = Release|Any CPU
	EndGlobalSection
	GlobalSection(SolutionProperties) = preSolution
		HideSolutionNode = FALSE
	EndGlobalSection
	GlobalSection(ExtensibilityGlobals) = postSolution
		SolutionGuid = {A780823B-246B-43DB-B92B-65E2A23D8726}
	EndGlobalSection
EndGlobal
